dependencies:
- name: postgresql
  repository: oci://registry-1.docker.io/bitnamicharts
  version: 13.2.30
- name: rabbitmq
  repository: oci://registry-1.docker.io/bitnamicharts
  version: 12.5.7
- name: pfcon
  repository: https://fnndsc.github.io/charts
  version: 0.1.1
- name: orthanc
  repository: https://fnndsc.github.io/charts
  version: 1.0.2
digest: sha256:707b059370b20c2730b9d605e41018d3bd421ea8d6b88aaccef286381e58c2c5
generated: "2024-02-09T02:04:52.528314963-05:00"
