dependencies:
- name: postgresql
  repository: oci://registry-1.docker.io/bitnamicharts
  version: 13.4.6
- name: rabbitmq
  repository: oci://registry-1.docker.io/bitnamicharts
  version: 12.5.7
- name: pfcon
  repository: https://fnndsc.github.io/charts
  version: 0.2.2
- name: orthanc
  repository: https://fnndsc.github.io/charts
  version: 1.2.1
digest: sha256:73790836be68258a9906a59e91dc88c0cc21e457d16099326c31a7650b464a85
generated: "2024-05-07T00:25:28.370260264-04:00"
